<?xml version="1.0" encoding="utf-8"?>
<Project ToolsVersion="4.0" xmlns="http://schemas.microsoft.com/developer/msbuild/2003">
  <ItemGroup>
    <ClCompile Include="main.cpp" />
    <ClCompile Include="NetLib\TcpNetwork.cpp">
      <Filter>ServerNetLib</Filter>
    </ClCompile>
    <ClCompile Include="RoomManager.cpp">
      <Filter>LoginLib</Filter>
    </ClCompile>
    <ClCompile Include="Server.cpp">
      <Filter>LoginLib</Filter>
    </ClCompile>
    <ClCompile Include="UserManager.cpp">
      <Filter>LoginLib</Filter>
    </ClCompile>
    <ClCompile Include="Room.cpp">
      <Filter>LoginLib</Filter>
    </ClCompile>
    <ClCompile Include="PacketProcess.cpp">
      <Filter>LoginLib</Filter>
    </ClCompile>
<<<<<<< HEAD
=======
    <ClCompile Include="PacketProcess.cpp" />
    <ClCompile Include="Room.cpp" />
    <ClCompile Include="Server.cpp" />
    <ClCompile Include="UserManager.cpp" />
    <ClCompile Include="RoomManager.cpp" />
    <ClCompile Include="Game.cpp">
      <Filter>LogicLib</Filter>
    </ClCompile>
    <ClCompile Include="PacketProcessRoom.cpp" />
    <ClCompile Include="PacketProcessLogin.cpp" />
    <ClCompile Include="PacketProcessLobby.cpp" />
    <ClCompile Include="Lobby.cpp" />
    <ClCompile Include="LobbyManager.cpp" />
>>>>>>> 7cdf6e62b2009391e70059d8fb2407c946e40735
  </ItemGroup>
  <ItemGroup>
    <Filter Include="Common">
      <UniqueIdentifier>{3c690e81-a2c8-42fe-baf3-44ccf3c13775}</UniqueIdentifier>
    </Filter>
<<<<<<< HEAD
    <Filter Include="ServerNetLib">
      <UniqueIdentifier>{8b6c55fb-71b0-4168-9c82-d38310f87e9c}</UniqueIdentifier>
    </Filter>
    <Filter Include="LoginLib">
      <UniqueIdentifier>{cda94c72-f9d4-4a50-b712-d8aeee54c15e}</UniqueIdentifier>
=======
    <Filter Include="LogicLib">
      <UniqueIdentifier>{74571187-4f9a-476b-891e-38c68ff6db72}</UniqueIdentifier>
>>>>>>> 7cdf6e62b2009391e70059d8fb2407c946e40735
    </Filter>
  </ItemGroup>
  <ItemGroup>
    <ClInclude Include="NetLib\Define.h">
      <Filter>ServerNetLib</Filter>
    </ClInclude>
    <ClInclude Include="NetLib\ILog.h">
      <Filter>ServerNetLib</Filter>
    </ClInclude>
    <ClInclude Include="NetLib\ITcpNetwork.h">
      <Filter>ServerNetLib</Filter>
    </ClInclude>
    <ClInclude Include="NetLib\ServerNetErrorCode.h">
      <Filter>ServerNetLib</Filter>
    </ClInclude>
    <ClInclude Include="NetLib\TcpNetwork.h">
      <Filter>ServerNetLib</Filter>
    </ClInclude>
    <ClInclude Include="ConsoleLogger.h" />
    <ClInclude Include="conmanip.h">
      <Filter>Common</Filter>
    </ClInclude>
    <ClInclude Include="PacketID.h">
      <Filter>Common</Filter>
    </ClInclude>
    <ClInclude Include="Packet.h">
      <Filter>Common</Filter>
    </ClInclude>
    <ClInclude Include="ErrorCode.h">
      <Filter>Common</Filter>
    </ClInclude>
<<<<<<< HEAD
    <ClInclude Include="UserManager.h">
      <Filter>LoginLib</Filter>
    </ClInclude>
    <ClInclude Include="RoomManager.h">
      <Filter>LoginLib</Filter>
    </ClInclude>
    <ClInclude Include="Server.h">
      <Filter>LoginLib</Filter>
    </ClInclude>
    <ClInclude Include="User.h">
      <Filter>LoginLib</Filter>
    </ClInclude>
    <ClInclude Include="Room.h">
      <Filter>LoginLib</Filter>
    </ClInclude>
    <ClInclude Include="PacketProcess.h">
      <Filter>LoginLib</Filter>
    </ClInclude>
=======
    <ClInclude Include="Game.h">
      <Filter>LogicLib</Filter>
    </ClInclude>
    <ClInclude Include="Lobby.h" />
    <ClInclude Include="LobbyManager.h" />
>>>>>>> 7cdf6e62b2009391e70059d8fb2407c946e40735
  </ItemGroup>
</Project>