
Microsoft Visual Studio Solution File, Format Version 12.00
# Visual Studio Version 16
VisualStudioVersion = 16.0.32413.511
MinimumVisualStudioVersion = 10.0.40219.1
Project("{8BC9CEB8-8B4A-11D0-8D11-00A0C91BC942}") = "CreateProcess", "시스템프로그래밍\시스템프로그래밍.vcxproj", "{8E4A3502-2AE1-4D54-A065-333AA4448000}"
EndProject
Project("{8BC9CEB8-8B4A-11D0-8D11-00A0C91BC942}") = "AddProcess", "AddProcess\AddProcess.vcxproj", "{E142E841-50D5-41A2-8D30-9719524373BE}"
EndProject
Project("{8BC9CEB8-8B4A-11D0-8D11-00A0C91BC942}") = "Operation1", "Operation1\Operation1.vcxproj", "{C6BAE44A-5B36-411E-A0D6-DDD180ADD83B}"
EndProject
Project("{8BC9CEB8-8B4A-11D0-8D11-00A0C91BC942}") = "Operation2", "Operation2\Operation2.vcxproj", "{5FE5C2F9-AD50-43BA-BACD-A8997B7DDDD1}"
EndProject
Project("{8BC9CEB8-8B4A-11D0-8D11-00A0C91BC942}") = "KerObjShare", "KerObjShare\KerObjShare.vcxproj", "{D48AEC6C-50AD-475E-89D0-904E51E83F42}"
EndProject
Project("{8BC9CEB8-8B4A-11D0-8D11-00A0C91BC942}") = "KernelObjProb1", "KernelObjProb1\KernelObjProb1.vcxproj", "{93983940-40CC-40FF-B62E-2B3140A64252}"
EndProject
Project("{8BC9CEB8-8B4A-11D0-8D11-00A0C91BC942}") = "KernelObjProb2", "KernelObjProb2\KernelObjProb2.vcxproj", "{928F6A59-21DB-4C99-9BDC-3C9B5E011E9F}"
EndProject
Project("{8BC9CEB8-8B4A-11D0-8D11-00A0C91BC942}") = "MailReceiver", "MailReceiver\MailReceiver.vcxproj", "{29290C6C-80A0-4D29-93C8-01ECC0606B0C}"
EndProject
Project("{8BC9CEB8-8B4A-11D0-8D11-00A0C91BC942}") = "MailSender", "MailSender\MailSender.vcxproj", "{36C0E0FE-59A6-41F2-9503-C4711C594C4C}"
EndProject
Project("{8BC9CEB8-8B4A-11D0-8D11-00A0C91BC942}") = "PartAdder", "PartAdder\PartAdder.vcxproj", "{F609F092-6C5E-41B8-AA9C-E972331B10F0}"
EndProject
Project("{8BC9CEB8-8B4A-11D0-8D11-00A0C91BC942}") = "NonStopAdderManager", "NonStopAdderManager\NonStopAdderManager.vcxproj", "{E731EB75-9A6B-4C1A-B45E-6AE1D6157D31}"
EndProject
Project("{8BC9CEB8-8B4A-11D0-8D11-00A0C91BC942}") = "MailSender2_1", "MailSender2_1\MailSender2_1.vcxproj", "{1CD821EC-1320-451C-86AE-A3F346E595B8}"
EndProject
Project("{8BC9CEB8-8B4A-11D0-8D11-00A0C91BC942}") = "MailSender2_2", "MailSender2_2\MailSender2_2.vcxproj", "{64E21C33-21CE-4550-8477-D04A3C60F6F6}"
EndProject
Project("{8BC9CEB8-8B4A-11D0-8D11-00A0C91BC942}") = "DuplicateHandle", "DuplicateHandle\DuplicateHandle.vcxproj", "{8DC66FF9-E822-47E3-8270-534E29C7EB71}"
EndProject
Project("{8BC9CEB8-8B4A-11D0-8D11-00A0C91BC942}") = "DuplicateHandleChildProcess", "DuplicateHandleChildProcess\DuplicateHandleChildProcess.vcxproj", "{65B3295A-3437-45BE-A32A-05E9E72AAACE}"
EndProject
Project("{8BC9CEB8-8B4A-11D0-8D11-00A0C91BC942}") = "anonymous_pipe", "anonymous_pipe\anonymous_pipe.vcxproj", "{678AAB8B-BCC6-4EAE-B6FF-0EABDAC56E99}"
EndProject
Project("{8BC9CEB8-8B4A-11D0-8D11-00A0C91BC942}") = "namedpipe_server", "namedpipe_server\namedpipe_server.vcxproj", "{F4C95E74-6678-41B6-9A69-5626A51AB8BE}"
EndProject
Project("{8BC9CEB8-8B4A-11D0-8D11-00A0C91BC942}") = "namedpipe_client", "namedpipe_client\namedpipe_client.vcxproj", "{B23AAF7A-6887-42C7-9CFD-AF064E02571B}"
EndProject
Project("{8BC9CEB8-8B4A-11D0-8D11-00A0C91BC942}") = "EnvParent", "EnvParent\EnvParent.vcxproj", "{0F5FFD58-B6A6-41AB-9829-3A109D931DB3}"
EndProject
Project("{8BC9CEB8-8B4A-11D0-8D11-00A0C91BC942}") = "EnvChild", "EnvChild\EnvChild.vcxproj", "{BC51CA90-263B-402E-9809-5D0A7AF4EAC4}"
EndProject
Project("{8BC9CEB8-8B4A-11D0-8D11-00A0C91BC942}") = "Thread", "Thread\Thread.vcxproj", "{6351A462-8678-4157-87D4-CA02653C0919}"
EndProject
Project("{8BC9CEB8-8B4A-11D0-8D11-00A0C91BC942}") = "MemoryAddresS_Synchronization", "MemoryAddresS_Synchronization\MemoryAddresS_Synchronization.vcxproj", "{D2E3CBF7-996E-40D5-809D-D4A3406D057F}"
EndProject
Project("{8BC9CEB8-8B4A-11D0-8D11-00A0C91BC942}") = "EventSynchronization", "EventSynchronization\EventSynchronization.vcxproj", "{C5C7F695-2AC8-4AD9-A787-26E99AE49E86}"
EndProject
Project("{8BC9CEB8-8B4A-11D0-8D11-00A0C91BC942}") = "TimerBasedSynchronization", "TimerBasedSynchronization\TimerBasedSynchronization.vcxproj", "{1C7C7057-F7FE-4D9C-A7EE-B3A7D13B598C}"
EndProject
Project("{8BC9CEB8-8B4A-11D0-8D11-00A0C91BC942}") = "ThreadPool", "ThreadPool\ThreadPool.vcxproj", "{7C91E783-E799-40FC-B2E6-F3DDA6E8BAA0}"
EndProject
Project("{8BC9CEB8-8B4A-11D0-8D11-00A0C91BC942}") = "예외처리", "예외처리\예외처리.vcxproj", "{23C6E396-3095-4314-AC1A-160A364B10B7}"
EndProject
Project("{8BC9CEB8-8B4A-11D0-8D11-00A0C91BC942}") = "예외처리2", "예외처리2\예외처리2.vcxproj", "{7CCA1DB2-C38D-4571-AE92-47BC0A1C630B}"
EndProject
Project("{8BC9CEB8-8B4A-11D0-8D11-00A0C91BC942}") = "파일입출력", "파일입출력\파일입출력.vcxproj", "{C8915468-834E-4553-9311-FA1D5CF11AB2}"
EndProject
Project("{8BC9CEB8-8B4A-11D0-8D11-00A0C91BC942}") = "중첩IO", "중첩IO\중첩IO.vcxproj", "{FBFDABEF-A484-4FCF-841C-ED0655F22F08}"
EndProject
Project("{8BC9CEB8-8B4A-11D0-8D11-00A0C91BC942}") = "완료루틴IO", "완료루틴IO\완료루틴IO.vcxproj", "{B6255149-2E3D-4824-97C9-44368B98D060}"
EndProject
Project("{8BC9CEB8-8B4A-11D0-8D11-00A0C91BC942}") = "APCQueue", "APCQueue\APCQueue.vcxproj", "{4CF2BCDF-69CA-4EAB-837B-80DDF42A9F50}"
EndProject
Project("{8BC9CEB8-8B4A-11D0-8D11-00A0C91BC942}") = "VirtualMemory", "VirtualMemory\VirtualMemory.vcxproj", "{BFFE403C-E169-45CE-B1DD-B856532463C3}"
EndProject
Global
	GlobalSection(SolutionConfigurationPlatforms) = preSolution
		Debug|x64 = Debug|x64
		Debug|x86 = Debug|x86
		Release|x64 = Release|x64
		Release|x86 = Release|x86
	EndGlobalSection
	GlobalSection(ProjectConfigurationPlatforms) = postSolution
		{8E4A3502-2AE1-4D54-A065-333AA4448000}.Debug|x64.ActiveCfg = Debug|x64
		{8E4A3502-2AE1-4D54-A065-333AA4448000}.Debug|x64.Build.0 = Debug|x64
		{8E4A3502-2AE1-4D54-A065-333AA4448000}.Debug|x86.ActiveCfg = Debug|Win32
		{8E4A3502-2AE1-4D54-A065-333AA4448000}.Debug|x86.Build.0 = Debug|Win32
		{8E4A3502-2AE1-4D54-A065-333AA4448000}.Release|x64.ActiveCfg = Release|x64
		{8E4A3502-2AE1-4D54-A065-333AA4448000}.Release|x64.Build.0 = Release|x64
		{8E4A3502-2AE1-4D54-A065-333AA4448000}.Release|x86.ActiveCfg = Release|Win32
		{8E4A3502-2AE1-4D54-A065-333AA4448000}.Release|x86.Build.0 = Release|Win32
		{E142E841-50D5-41A2-8D30-9719524373BE}.Debug|x64.ActiveCfg = Debug|x64
		{E142E841-50D5-41A2-8D30-9719524373BE}.Debug|x64.Build.0 = Debug|x64
		{E142E841-50D5-41A2-8D30-9719524373BE}.Debug|x86.ActiveCfg = Debug|Win32
		{E142E841-50D5-41A2-8D30-9719524373BE}.Debug|x86.Build.0 = Debug|Win32
		{E142E841-50D5-41A2-8D30-9719524373BE}.Release|x64.ActiveCfg = Release|x64
		{E142E841-50D5-41A2-8D30-9719524373BE}.Release|x64.Build.0 = Release|x64
		{E142E841-50D5-41A2-8D30-9719524373BE}.Release|x86.ActiveCfg = Release|Win32
		{E142E841-50D5-41A2-8D30-9719524373BE}.Release|x86.Build.0 = Release|Win32
		{C6BAE44A-5B36-411E-A0D6-DDD180ADD83B}.Debug|x64.ActiveCfg = Debug|x64
		{C6BAE44A-5B36-411E-A0D6-DDD180ADD83B}.Debug|x64.Build.0 = Debug|x64
		{C6BAE44A-5B36-411E-A0D6-DDD180ADD83B}.Debug|x86.ActiveCfg = Debug|Win32
		{C6BAE44A-5B36-411E-A0D6-DDD180ADD83B}.Debug|x86.Build.0 = Debug|Win32
		{C6BAE44A-5B36-411E-A0D6-DDD180ADD83B}.Release|x64.ActiveCfg = Release|x64
		{C6BAE44A-5B36-411E-A0D6-DDD180ADD83B}.Release|x64.Build.0 = Release|x64
		{C6BAE44A-5B36-411E-A0D6-DDD180ADD83B}.Release|x86.ActiveCfg = Release|Win32
		{C6BAE44A-5B36-411E-A0D6-DDD180ADD83B}.Release|x86.Build.0 = Release|Win32
		{5FE5C2F9-AD50-43BA-BACD-A8997B7DDDD1}.Debug|x64.ActiveCfg = Debug|x64
		{5FE5C2F9-AD50-43BA-BACD-A8997B7DDDD1}.Debug|x64.Build.0 = Debug|x64
		{5FE5C2F9-AD50-43BA-BACD-A8997B7DDDD1}.Debug|x86.ActiveCfg = Debug|Win32
		{5FE5C2F9-AD50-43BA-BACD-A8997B7DDDD1}.Debug|x86.Build.0 = Debug|Win32
		{5FE5C2F9-AD50-43BA-BACD-A8997B7DDDD1}.Release|x64.ActiveCfg = Release|x64
		{5FE5C2F9-AD50-43BA-BACD-A8997B7DDDD1}.Release|x64.Build.0 = Release|x64
		{5FE5C2F9-AD50-43BA-BACD-A8997B7DDDD1}.Release|x86.ActiveCfg = Release|Win32
		{5FE5C2F9-AD50-43BA-BACD-A8997B7DDDD1}.Release|x86.Build.0 = Release|Win32
		{D48AEC6C-50AD-475E-89D0-904E51E83F42}.Debug|x64.ActiveCfg = Debug|x64
		{D48AEC6C-50AD-475E-89D0-904E51E83F42}.Debug|x64.Build.0 = Debug|x64
		{D48AEC6C-50AD-475E-89D0-904E51E83F42}.Debug|x86.ActiveCfg = Debug|Win32
		{D48AEC6C-50AD-475E-89D0-904E51E83F42}.Debug|x86.Build.0 = Debug|Win32
		{D48AEC6C-50AD-475E-89D0-904E51E83F42}.Release|x64.ActiveCfg = Release|x64
		{D48AEC6C-50AD-475E-89D0-904E51E83F42}.Release|x64.Build.0 = Release|x64
		{D48AEC6C-50AD-475E-89D0-904E51E83F42}.Release|x86.ActiveCfg = Release|Win32
		{D48AEC6C-50AD-475E-89D0-904E51E83F42}.Release|x86.Build.0 = Release|Win32
		{93983940-40CC-40FF-B62E-2B3140A64252}.Debug|x64.ActiveCfg = Debug|x64
		{93983940-40CC-40FF-B62E-2B3140A64252}.Debug|x64.Build.0 = Debug|x64
		{93983940-40CC-40FF-B62E-2B3140A64252}.Debug|x86.ActiveCfg = Debug|Win32
		{93983940-40CC-40FF-B62E-2B3140A64252}.Debug|x86.Build.0 = Debug|Win32
		{93983940-40CC-40FF-B62E-2B3140A64252}.Release|x64.ActiveCfg = Release|x64
		{93983940-40CC-40FF-B62E-2B3140A64252}.Release|x64.Build.0 = Release|x64
		{93983940-40CC-40FF-B62E-2B3140A64252}.Release|x86.ActiveCfg = Release|Win32
		{93983940-40CC-40FF-B62E-2B3140A64252}.Release|x86.Build.0 = Release|Win32
		{928F6A59-21DB-4C99-9BDC-3C9B5E011E9F}.Debug|x64.ActiveCfg = Debug|x64
		{928F6A59-21DB-4C99-9BDC-3C9B5E011E9F}.Debug|x64.Build.0 = Debug|x64
		{928F6A59-21DB-4C99-9BDC-3C9B5E011E9F}.Debug|x86.ActiveCfg = Debug|Win32
		{928F6A59-21DB-4C99-9BDC-3C9B5E011E9F}.Debug|x86.Build.0 = Debug|Win32
		{928F6A59-21DB-4C99-9BDC-3C9B5E011E9F}.Release|x64.ActiveCfg = Release|x64
		{928F6A59-21DB-4C99-9BDC-3C9B5E011E9F}.Release|x64.Build.0 = Release|x64
		{928F6A59-21DB-4C99-9BDC-3C9B5E011E9F}.Release|x86.ActiveCfg = Release|Win32
		{928F6A59-21DB-4C99-9BDC-3C9B5E011E9F}.Release|x86.Build.0 = Release|Win32
		{29290C6C-80A0-4D29-93C8-01ECC0606B0C}.Debug|x64.ActiveCfg = Debug|x64
		{29290C6C-80A0-4D29-93C8-01ECC0606B0C}.Debug|x64.Build.0 = Debug|x64
		{29290C6C-80A0-4D29-93C8-01ECC0606B0C}.Debug|x86.ActiveCfg = Debug|Win32
		{29290C6C-80A0-4D29-93C8-01ECC0606B0C}.Debug|x86.Build.0 = Debug|Win32
		{29290C6C-80A0-4D29-93C8-01ECC0606B0C}.Release|x64.ActiveCfg = Release|x64
		{29290C6C-80A0-4D29-93C8-01ECC0606B0C}.Release|x64.Build.0 = Release|x64
		{29290C6C-80A0-4D29-93C8-01ECC0606B0C}.Release|x86.ActiveCfg = Release|Win32
		{29290C6C-80A0-4D29-93C8-01ECC0606B0C}.Release|x86.Build.0 = Release|Win32
		{36C0E0FE-59A6-41F2-9503-C4711C594C4C}.Debug|x64.ActiveCfg = Debug|x64
		{36C0E0FE-59A6-41F2-9503-C4711C594C4C}.Debug|x64.Build.0 = Debug|x64
		{36C0E0FE-59A6-41F2-9503-C4711C594C4C}.Debug|x86.ActiveCfg = Debug|Win32
		{36C0E0FE-59A6-41F2-9503-C4711C594C4C}.Debug|x86.Build.0 = Debug|Win32
		{36C0E0FE-59A6-41F2-9503-C4711C594C4C}.Release|x64.ActiveCfg = Release|x64
		{36C0E0FE-59A6-41F2-9503-C4711C594C4C}.Release|x64.Build.0 = Release|x64
		{36C0E0FE-59A6-41F2-9503-C4711C594C4C}.Release|x86.ActiveCfg = Release|Win32
		{36C0E0FE-59A6-41F2-9503-C4711C594C4C}.Release|x86.Build.0 = Release|Win32
		{F609F092-6C5E-41B8-AA9C-E972331B10F0}.Debug|x64.ActiveCfg = Debug|x64
		{F609F092-6C5E-41B8-AA9C-E972331B10F0}.Debug|x64.Build.0 = Debug|x64
		{F609F092-6C5E-41B8-AA9C-E972331B10F0}.Debug|x86.ActiveCfg = Debug|Win32
		{F609F092-6C5E-41B8-AA9C-E972331B10F0}.Debug|x86.Build.0 = Debug|Win32
		{F609F092-6C5E-41B8-AA9C-E972331B10F0}.Release|x64.ActiveCfg = Release|x64
		{F609F092-6C5E-41B8-AA9C-E972331B10F0}.Release|x64.Build.0 = Release|x64
		{F609F092-6C5E-41B8-AA9C-E972331B10F0}.Release|x86.ActiveCfg = Release|Win32
		{F609F092-6C5E-41B8-AA9C-E972331B10F0}.Release|x86.Build.0 = Release|Win32
		{E731EB75-9A6B-4C1A-B45E-6AE1D6157D31}.Debug|x64.ActiveCfg = Debug|x64
		{E731EB75-9A6B-4C1A-B45E-6AE1D6157D31}.Debug|x64.Build.0 = Debug|x64
		{E731EB75-9A6B-4C1A-B45E-6AE1D6157D31}.Debug|x86.ActiveCfg = Debug|Win32
		{E731EB75-9A6B-4C1A-B45E-6AE1D6157D31}.Debug|x86.Build.0 = Debug|Win32
		{E731EB75-9A6B-4C1A-B45E-6AE1D6157D31}.Release|x64.ActiveCfg = Release|x64
		{E731EB75-9A6B-4C1A-B45E-6AE1D6157D31}.Release|x64.Build.0 = Release|x64
		{E731EB75-9A6B-4C1A-B45E-6AE1D6157D31}.Release|x86.ActiveCfg = Release|Win32
		{E731EB75-9A6B-4C1A-B45E-6AE1D6157D31}.Release|x86.Build.0 = Release|Win32
		{1CD821EC-1320-451C-86AE-A3F346E595B8}.Debug|x64.ActiveCfg = Debug|x64
		{1CD821EC-1320-451C-86AE-A3F346E595B8}.Debug|x64.Build.0 = Debug|x64
		{1CD821EC-1320-451C-86AE-A3F346E595B8}.Debug|x86.ActiveCfg = Debug|Win32
		{1CD821EC-1320-451C-86AE-A3F346E595B8}.Debug|x86.Build.0 = Debug|Win32
		{1CD821EC-1320-451C-86AE-A3F346E595B8}.Release|x64.ActiveCfg = Release|x64
		{1CD821EC-1320-451C-86AE-A3F346E595B8}.Release|x64.Build.0 = Release|x64
		{1CD821EC-1320-451C-86AE-A3F346E595B8}.Release|x86.ActiveCfg = Release|Win32
		{1CD821EC-1320-451C-86AE-A3F346E595B8}.Release|x86.Build.0 = Release|Win32
		{64E21C33-21CE-4550-8477-D04A3C60F6F6}.Debug|x64.ActiveCfg = Debug|x64
		{64E21C33-21CE-4550-8477-D04A3C60F6F6}.Debug|x64.Build.0 = Debug|x64
		{64E21C33-21CE-4550-8477-D04A3C60F6F6}.Debug|x86.ActiveCfg = Debug|Win32
		{64E21C33-21CE-4550-8477-D04A3C60F6F6}.Debug|x86.Build.0 = Debug|Win32
		{64E21C33-21CE-4550-8477-D04A3C60F6F6}.Release|x64.ActiveCfg = Release|x64
		{64E21C33-21CE-4550-8477-D04A3C60F6F6}.Release|x64.Build.0 = Release|x64
		{64E21C33-21CE-4550-8477-D04A3C60F6F6}.Release|x86.ActiveCfg = Release|Win32
		{64E21C33-21CE-4550-8477-D04A3C60F6F6}.Release|x86.Build.0 = Release|Win32
		{8DC66FF9-E822-47E3-8270-534E29C7EB71}.Debug|x64.ActiveCfg = Debug|x64
		{8DC66FF9-E822-47E3-8270-534E29C7EB71}.Debug|x64.Build.0 = Debug|x64
		{8DC66FF9-E822-47E3-8270-534E29C7EB71}.Debug|x86.ActiveCfg = Debug|Win32
		{8DC66FF9-E822-47E3-8270-534E29C7EB71}.Debug|x86.Build.0 = Debug|Win32
		{8DC66FF9-E822-47E3-8270-534E29C7EB71}.Release|x64.ActiveCfg = Release|x64
		{8DC66FF9-E822-47E3-8270-534E29C7EB71}.Release|x64.Build.0 = Release|x64
		{8DC66FF9-E822-47E3-8270-534E29C7EB71}.Release|x86.ActiveCfg = Release|Win32
		{8DC66FF9-E822-47E3-8270-534E29C7EB71}.Release|x86.Build.0 = Release|Win32
		{65B3295A-3437-45BE-A32A-05E9E72AAACE}.Debug|x64.ActiveCfg = Debug|x64
		{65B3295A-3437-45BE-A32A-05E9E72AAACE}.Debug|x64.Build.0 = Debug|x64
		{65B3295A-3437-45BE-A32A-05E9E72AAACE}.Debug|x86.ActiveCfg = Debug|Win32
		{65B3295A-3437-45BE-A32A-05E9E72AAACE}.Debug|x86.Build.0 = Debug|Win32
		{65B3295A-3437-45BE-A32A-05E9E72AAACE}.Release|x64.ActiveCfg = Release|x64
		{65B3295A-3437-45BE-A32A-05E9E72AAACE}.Release|x64.Build.0 = Release|x64
		{65B3295A-3437-45BE-A32A-05E9E72AAACE}.Release|x86.ActiveCfg = Release|Win32
		{65B3295A-3437-45BE-A32A-05E9E72AAACE}.Release|x86.Build.0 = Release|Win32
		{678AAB8B-BCC6-4EAE-B6FF-0EABDAC56E99}.Debug|x64.ActiveCfg = Debug|x64
		{678AAB8B-BCC6-4EAE-B6FF-0EABDAC56E99}.Debug|x64.Build.0 = Debug|x64
		{678AAB8B-BCC6-4EAE-B6FF-0EABDAC56E99}.Debug|x86.ActiveCfg = Debug|Win32
		{678AAB8B-BCC6-4EAE-B6FF-0EABDAC56E99}.Debug|x86.Build.0 = Debug|Win32
		{678AAB8B-BCC6-4EAE-B6FF-0EABDAC56E99}.Release|x64.ActiveCfg = Release|x64
		{678AAB8B-BCC6-4EAE-B6FF-0EABDAC56E99}.Release|x64.Build.0 = Release|x64
		{678AAB8B-BCC6-4EAE-B6FF-0EABDAC56E99}.Release|x86.ActiveCfg = Release|Win32
		{678AAB8B-BCC6-4EAE-B6FF-0EABDAC56E99}.Release|x86.Build.0 = Release|Win32
		{F4C95E74-6678-41B6-9A69-5626A51AB8BE}.Debug|x64.ActiveCfg = Debug|x64
		{F4C95E74-6678-41B6-9A69-5626A51AB8BE}.Debug|x64.Build.0 = Debug|x64
		{F4C95E74-6678-41B6-9A69-5626A51AB8BE}.Debug|x86.ActiveCfg = Debug|Win32
		{F4C95E74-6678-41B6-9A69-5626A51AB8BE}.Debug|x86.Build.0 = Debug|Win32
		{F4C95E74-6678-41B6-9A69-5626A51AB8BE}.Release|x64.ActiveCfg = Release|x64
		{F4C95E74-6678-41B6-9A69-5626A51AB8BE}.Release|x64.Build.0 = Release|x64
		{F4C95E74-6678-41B6-9A69-5626A51AB8BE}.Release|x86.ActiveCfg = Release|Win32
		{F4C95E74-6678-41B6-9A69-5626A51AB8BE}.Release|x86.Build.0 = Release|Win32
		{B23AAF7A-6887-42C7-9CFD-AF064E02571B}.Debug|x64.ActiveCfg = Debug|x64
		{B23AAF7A-6887-42C7-9CFD-AF064E02571B}.Debug|x64.Build.0 = Debug|x64
		{B23AAF7A-6887-42C7-9CFD-AF064E02571B}.Debug|x86.ActiveCfg = Debug|Win32
		{B23AAF7A-6887-42C7-9CFD-AF064E02571B}.Debug|x86.Build.0 = Debug|Win32
		{B23AAF7A-6887-42C7-9CFD-AF064E02571B}.Release|x64.ActiveCfg = Release|x64
		{B23AAF7A-6887-42C7-9CFD-AF064E02571B}.Release|x64.Build.0 = Release|x64
		{B23AAF7A-6887-42C7-9CFD-AF064E02571B}.Release|x86.ActiveCfg = Release|Win32
		{B23AAF7A-6887-42C7-9CFD-AF064E02571B}.Release|x86.Build.0 = Release|Win32
		{0F5FFD58-B6A6-41AB-9829-3A109D931DB3}.Debug|x64.ActiveCfg = Debug|x64
		{0F5FFD58-B6A6-41AB-9829-3A109D931DB3}.Debug|x64.Build.0 = Debug|x64
		{0F5FFD58-B6A6-41AB-9829-3A109D931DB3}.Debug|x86.ActiveCfg = Debug|Win32
		{0F5FFD58-B6A6-41AB-9829-3A109D931DB3}.Debug|x86.Build.0 = Debug|Win32
		{0F5FFD58-B6A6-41AB-9829-3A109D931DB3}.Release|x64.ActiveCfg = Release|x64
		{0F5FFD58-B6A6-41AB-9829-3A109D931DB3}.Release|x64.Build.0 = Release|x64
		{0F5FFD58-B6A6-41AB-9829-3A109D931DB3}.Release|x86.ActiveCfg = Release|Win32
		{0F5FFD58-B6A6-41AB-9829-3A109D931DB3}.Release|x86.Build.0 = Release|Win32
		{BC51CA90-263B-402E-9809-5D0A7AF4EAC4}.Debug|x64.ActiveCfg = Debug|x64
		{BC51CA90-263B-402E-9809-5D0A7AF4EAC4}.Debug|x64.Build.0 = Debug|x64
		{BC51CA90-263B-402E-9809-5D0A7AF4EAC4}.Debug|x86.ActiveCfg = Debug|Win32
		{BC51CA90-263B-402E-9809-5D0A7AF4EAC4}.Debug|x86.Build.0 = Debug|Win32
		{BC51CA90-263B-402E-9809-5D0A7AF4EAC4}.Release|x64.ActiveCfg = Release|x64
		{BC51CA90-263B-402E-9809-5D0A7AF4EAC4}.Release|x64.Build.0 = Release|x64
		{BC51CA90-263B-402E-9809-5D0A7AF4EAC4}.Release|x86.ActiveCfg = Release|Win32
		{BC51CA90-263B-402E-9809-5D0A7AF4EAC4}.Release|x86.Build.0 = Release|Win32
		{6351A462-8678-4157-87D4-CA02653C0919}.Debug|x64.ActiveCfg = Debug|x64
		{6351A462-8678-4157-87D4-CA02653C0919}.Debug|x64.Build.0 = Debug|x64
		{6351A462-8678-4157-87D4-CA02653C0919}.Debug|x86.ActiveCfg = Debug|Win32
		{6351A462-8678-4157-87D4-CA02653C0919}.Debug|x86.Build.0 = Debug|Win32
		{6351A462-8678-4157-87D4-CA02653C0919}.Release|x64.ActiveCfg = Release|x64
		{6351A462-8678-4157-87D4-CA02653C0919}.Release|x64.Build.0 = Release|x64
		{6351A462-8678-4157-87D4-CA02653C0919}.Release|x86.ActiveCfg = Release|Win32
		{6351A462-8678-4157-87D4-CA02653C0919}.Release|x86.Build.0 = Release|Win32
		{D2E3CBF7-996E-40D5-809D-D4A3406D057F}.Debug|x64.ActiveCfg = Debug|x64
		{D2E3CBF7-996E-40D5-809D-D4A3406D057F}.Debug|x64.Build.0 = Debug|x64
		{D2E3CBF7-996E-40D5-809D-D4A3406D057F}.Debug|x86.ActiveCfg = Debug|Win32
		{D2E3CBF7-996E-40D5-809D-D4A3406D057F}.Debug|x86.Build.0 = Debug|Win32
		{D2E3CBF7-996E-40D5-809D-D4A3406D057F}.Release|x64.ActiveCfg = Release|x64
		{D2E3CBF7-996E-40D5-809D-D4A3406D057F}.Release|x64.Build.0 = Release|x64
		{D2E3CBF7-996E-40D5-809D-D4A3406D057F}.Release|x86.ActiveCfg = Release|Win32
		{D2E3CBF7-996E-40D5-809D-D4A3406D057F}.Release|x86.Build.0 = Release|Win32
		{C5C7F695-2AC8-4AD9-A787-26E99AE49E86}.Debug|x64.ActiveCfg = Debug|x64
		{C5C7F695-2AC8-4AD9-A787-26E99AE49E86}.Debug|x64.Build.0 = Debug|x64
		{C5C7F695-2AC8-4AD9-A787-26E99AE49E86}.Debug|x86.ActiveCfg = Debug|Win32
		{C5C7F695-2AC8-4AD9-A787-26E99AE49E86}.Debug|x86.Build.0 = Debug|Win32
		{C5C7F695-2AC8-4AD9-A787-26E99AE49E86}.Release|x64.ActiveCfg = Release|x64
		{C5C7F695-2AC8-4AD9-A787-26E99AE49E86}.Release|x64.Build.0 = Release|x64
		{C5C7F695-2AC8-4AD9-A787-26E99AE49E86}.Release|x86.ActiveCfg = Release|Win32
		{C5C7F695-2AC8-4AD9-A787-26E99AE49E86}.Release|x86.Build.0 = Release|Win32
		{1C7C7057-F7FE-4D9C-A7EE-B3A7D13B598C}.Debug|x64.ActiveCfg = Debug|x64
		{1C7C7057-F7FE-4D9C-A7EE-B3A7D13B598C}.Debug|x64.Build.0 = Debug|x64
		{1C7C7057-F7FE-4D9C-A7EE-B3A7D13B598C}.Debug|x86.ActiveCfg = Debug|Win32
		{1C7C7057-F7FE-4D9C-A7EE-B3A7D13B598C}.Debug|x86.Build.0 = Debug|Win32
		{1C7C7057-F7FE-4D9C-A7EE-B3A7D13B598C}.Release|x64.ActiveCfg = Release|x64
		{1C7C7057-F7FE-4D9C-A7EE-B3A7D13B598C}.Release|x64.Build.0 = Release|x64
		{1C7C7057-F7FE-4D9C-A7EE-B3A7D13B598C}.Release|x86.ActiveCfg = Release|Win32
		{1C7C7057-F7FE-4D9C-A7EE-B3A7D13B598C}.Release|x86.Build.0 = Release|Win32
		{7C91E783-E799-40FC-B2E6-F3DDA6E8BAA0}.Debug|x64.ActiveCfg = Debug|x64
		{7C91E783-E799-40FC-B2E6-F3DDA6E8BAA0}.Debug|x64.Build.0 = Debug|x64
		{7C91E783-E799-40FC-B2E6-F3DDA6E8BAA0}.Debug|x86.ActiveCfg = Debug|Win32
		{7C91E783-E799-40FC-B2E6-F3DDA6E8BAA0}.Debug|x86.Build.0 = Debug|Win32
		{7C91E783-E799-40FC-B2E6-F3DDA6E8BAA0}.Release|x64.ActiveCfg = Release|x64
		{7C91E783-E799-40FC-B2E6-F3DDA6E8BAA0}.Release|x64.Build.0 = Release|x64
		{7C91E783-E799-40FC-B2E6-F3DDA6E8BAA0}.Release|x86.ActiveCfg = Release|Win32
		{7C91E783-E799-40FC-B2E6-F3DDA6E8BAA0}.Release|x86.Build.0 = Release|Win32
		{23C6E396-3095-4314-AC1A-160A364B10B7}.Debug|x64.ActiveCfg = Debug|x64
		{23C6E396-3095-4314-AC1A-160A364B10B7}.Debug|x64.Build.0 = Debug|x64
		{23C6E396-3095-4314-AC1A-160A364B10B7}.Debug|x86.ActiveCfg = Debug|Win32
		{23C6E396-3095-4314-AC1A-160A364B10B7}.Debug|x86.Build.0 = Debug|Win32
		{23C6E396-3095-4314-AC1A-160A364B10B7}.Release|x64.ActiveCfg = Release|x64
		{23C6E396-3095-4314-AC1A-160A364B10B7}.Release|x64.Build.0 = Release|x64
		{23C6E396-3095-4314-AC1A-160A364B10B7}.Release|x86.ActiveCfg = Release|Win32
		{23C6E396-3095-4314-AC1A-160A364B10B7}.Release|x86.Build.0 = Release|Win32
		{7CCA1DB2-C38D-4571-AE92-47BC0A1C630B}.Debug|x64.ActiveCfg = Debug|x64
		{7CCA1DB2-C38D-4571-AE92-47BC0A1C630B}.Debug|x64.Build.0 = Debug|x64
		{7CCA1DB2-C38D-4571-AE92-47BC0A1C630B}.Debug|x86.ActiveCfg = Debug|Win32
		{7CCA1DB2-C38D-4571-AE92-47BC0A1C630B}.Debug|x86.Build.0 = Debug|Win32
		{7CCA1DB2-C38D-4571-AE92-47BC0A1C630B}.Release|x64.ActiveCfg = Release|x64
		{7CCA1DB2-C38D-4571-AE92-47BC0A1C630B}.Release|x64.Build.0 = Release|x64
		{7CCA1DB2-C38D-4571-AE92-47BC0A1C630B}.Release|x86.ActiveCfg = Release|Win32
		{7CCA1DB2-C38D-4571-AE92-47BC0A1C630B}.Release|x86.Build.0 = Release|Win32
		{C8915468-834E-4553-9311-FA1D5CF11AB2}.Debug|x64.ActiveCfg = Debug|x64
		{C8915468-834E-4553-9311-FA1D5CF11AB2}.Debug|x64.Build.0 = Debug|x64
		{C8915468-834E-4553-9311-FA1D5CF11AB2}.Debug|x86.ActiveCfg = Debug|Win32
		{C8915468-834E-4553-9311-FA1D5CF11AB2}.Debug|x86.Build.0 = Debug|Win32
		{C8915468-834E-4553-9311-FA1D5CF11AB2}.Release|x64.ActiveCfg = Release|x64
		{C8915468-834E-4553-9311-FA1D5CF11AB2}.Release|x64.Build.0 = Release|x64
		{C8915468-834E-4553-9311-FA1D5CF11AB2}.Release|x86.ActiveCfg = Release|Win32
		{C8915468-834E-4553-9311-FA1D5CF11AB2}.Release|x86.Build.0 = Release|Win32
		{FBFDABEF-A484-4FCF-841C-ED0655F22F08}.Debug|x64.ActiveCfg = Debug|x64
		{FBFDABEF-A484-4FCF-841C-ED0655F22F08}.Debug|x64.Build.0 = Debug|x64
		{FBFDABEF-A484-4FCF-841C-ED0655F22F08}.Debug|x86.ActiveCfg = Debug|Win32
		{FBFDABEF-A484-4FCF-841C-ED0655F22F08}.Debug|x86.Build.0 = Debug|Win32
		{FBFDABEF-A484-4FCF-841C-ED0655F22F08}.Release|x64.ActiveCfg = Release|x64
		{FBFDABEF-A484-4FCF-841C-ED0655F22F08}.Release|x64.Build.0 = Release|x64
		{FBFDABEF-A484-4FCF-841C-ED0655F22F08}.Release|x86.ActiveCfg = Release|Win32
		{FBFDABEF-A484-4FCF-841C-ED0655F22F08}.Release|x86.Build.0 = Release|Win32
		{B6255149-2E3D-4824-97C9-44368B98D060}.Debug|x64.ActiveCfg = Debug|x64
		{B6255149-2E3D-4824-97C9-44368B98D060}.Debug|x64.Build.0 = Debug|x64
		{B6255149-2E3D-4824-97C9-44368B98D060}.Debug|x86.ActiveCfg = Debug|Win32
		{B6255149-2E3D-4824-97C9-44368B98D060}.Debug|x86.Build.0 = Debug|Win32
		{B6255149-2E3D-4824-97C9-44368B98D060}.Release|x64.ActiveCfg = Release|x64
		{B6255149-2E3D-4824-97C9-44368B98D060}.Release|x64.Build.0 = Release|x64
		{B6255149-2E3D-4824-97C9-44368B98D060}.Release|x86.ActiveCfg = Release|Win32
		{B6255149-2E3D-4824-97C9-44368B98D060}.Release|x86.Build.0 = Release|Win32
		{4CF2BCDF-69CA-4EAB-837B-80DDF42A9F50}.Debug|x64.ActiveCfg = Debug|x64
		{4CF2BCDF-69CA-4EAB-837B-80DDF42A9F50}.Debug|x64.Build.0 = Debug|x64
		{4CF2BCDF-69CA-4EAB-837B-80DDF42A9F50}.Debug|x86.ActiveCfg = Debug|Win32
		{4CF2BCDF-69CA-4EAB-837B-80DDF42A9F50}.Debug|x86.Build.0 = Debug|Win32
		{4CF2BCDF-69CA-4EAB-837B-80DDF42A9F50}.Release|x64.ActiveCfg = Release|x64
		{4CF2BCDF-69CA-4EAB-837B-80DDF42A9F50}.Release|x64.Build.0 = Release|x64
		{4CF2BCDF-69CA-4EAB-837B-80DDF42A9F50}.Release|x86.ActiveCfg = Release|Win32
		{4CF2BCDF-69CA-4EAB-837B-80DDF42A9F50}.Release|x86.Build.0 = Release|Win32
		{BFFE403C-E169-45CE-B1DD-B856532463C3}.Debug|x64.ActiveCfg = Debug|x64
		{BFFE403C-E169-45CE-B1DD-B856532463C3}.Debug|x64.Build.0 = Debug|x64
		{BFFE403C-E169-45CE-B1DD-B856532463C3}.Debug|x86.ActiveCfg = Debug|Win32
		{BFFE403C-E169-45CE-B1DD-B856532463C3}.Debug|x86.Build.0 = Debug|Win32
		{BFFE403C-E169-45CE-B1DD-B856532463C3}.Release|x64.ActiveCfg = Release|x64
		{BFFE403C-E169-45CE-B1DD-B856532463C3}.Release|x64.Build.0 = Release|x64
		{BFFE403C-E169-45CE-B1DD-B856532463C3}.Release|x86.ActiveCfg = Release|Win32
		{BFFE403C-E169-45CE-B1DD-B856532463C3}.Release|x86.Build.0 = Release|Win32
	EndGlobalSection
	GlobalSection(SolutionProperties) = preSolution
		HideSolutionNode = FALSE
	EndGlobalSection
	GlobalSection(ExtensibilityGlobals) = postSolution
		SolutionGuid = {484E88E3-4BF8-4CE2-B896-DBFDC7C12081}
	EndGlobalSection
EndGlobal
