<?xml version="1.0" encoding="utf-8"?>
<Project ToolsVersion="4.0" xmlns="http://schemas.microsoft.com/developer/msbuild/2003">
  <ItemGroup>
    <Filter Include="Source Files">
      <UniqueIdentifier>{4FC737F1-C7A5-4376-A066-2A32D752A2FF}</UniqueIdentifier>
      <Extensions>cpp;c;cc;cxx;c++;cppm;ixx;def;odl;idl;hpj;bat;asm;asmx</Extensions>
    </Filter>
    <Filter Include="Header Files">
      <UniqueIdentifier>{93995380-89BD-4b04-88EB-625FBE52EBFB}</UniqueIdentifier>
      <Extensions>h;hh;hpp;hxx;h++;hm;inl;inc;ipp;xsd</Extensions>
    </Filter>
    <Filter Include="Resource Files">
      <UniqueIdentifier>{67DA6AB6-F800-4c08-8B7A-83BB121AAD01}</UniqueIdentifier>
      <Extensions>rc;ico;cur;bmp;dlg;rc2;rct;bin;rgs;gif;jpg;jpeg;jpe;resx;tiff;tif;png;wav;mfcribbon-ms</Extensions>
    </Filter>
    <Filter Include="1.GameManager">
      <UniqueIdentifier>{c73c0f6f-96bc-4e81-adc0-a893bcd517dd}</UniqueIdentifier>
    </Filter>
    <Filter Include="2.StoreManager">
      <UniqueIdentifier>{2dcce891-e1be-436e-a441-ae5392f9da3c}</UniqueIdentifier>
    </Filter>
    <Filter Include="3.Inven">
      <UniqueIdentifier>{1de1aafd-d15e-47a5-84b2-a6864ad41c46}</UniqueIdentifier>
    </Filter>
    <Filter Include="4.MapManager">
      <UniqueIdentifier>{45f30691-478f-4bd0-9cd2-618c28c4ca5c}</UniqueIdentifier>
    </Filter>
    <Filter Include="5.ObjectManager">
      <UniqueIdentifier>{818a2fbf-8b78-473e-9b64-bccd47cc5064}</UniqueIdentifier>
    </Filter>
  </ItemGroup>
  <ItemGroup>
    <ClInclude Include="Game.h">
      <Filter>Header Files</Filter>
    </ClInclude>
    <ClInclude Include="GameManager.h">
      <Filter>1.GameManager</Filter>
    </ClInclude>
    <ClInclude Include="Inventory.h">
      <Filter>3.Inven</Filter>
    </ClInclude>
    <ClInclude Include="StoreManager.h">
      <Filter>2.StoreManager</Filter>
    </ClInclude>
    <ClInclude Include="MapManager.h">
      <Filter>4.MapManager</Filter>
    </ClInclude>
    <ClInclude Include="ObjectManager.h">
      <Filter>5.ObjectManager</Filter>
    </ClInclude>
    <ClInclude Include="Monster.h">
      <Filter>5.ObjectManager</Filter>
    </ClInclude>
    <ClInclude Include="Player.h">
      <Filter>5.ObjectManager</Filter>
    </ClInclude>
    <ClInclude Include="Map.h">
      <Filter>4.MapManager</Filter>
    </ClInclude>
  </ItemGroup>
  <ItemGroup>
    <ClCompile Include="main.cpp">
      <Filter>Source Files</Filter>
    </ClCompile>
    <ClCompile Include="GameManager.cpp">
      <Filter>1.GameManager</Filter>
    </ClCompile>
    <ClCompile Include="Inventory.cpp">
      <Filter>3.Inven</Filter>
    </ClCompile>
    <ClCompile Include="StoreManager.cpp">
      <Filter>2.StoreManager</Filter>
    </ClCompile>
    <ClCompile Include="MapManager.cpp">
      <Filter>4.MapManager</Filter>
    </ClCompile>
    <ClCompile Include="ObjectManager.cpp">
      <Filter>5.ObjectManager</Filter>
    </ClCompile>
    <ClCompile Include="Monster.cpp">
      <Filter>5.ObjectManager</Filter>
    </ClCompile>
    <ClCompile Include="Player.cpp">
      <Filter>5.ObjectManager</Filter>
    </ClCompile>
    <ClCompile Include="Map.cpp">
      <Filter>4.MapManager</Filter>
    </ClCompile>
  </ItemGroup>
</Project>