<?xml version="1.0" encoding="utf-8"?>
<Project ToolsVersion="4.0" xmlns="http://schemas.microsoft.com/developer/msbuild/2003">
  <ItemGroup>
    <Filter Include="Source Files">
      <UniqueIdentifier>{4FC737F1-C7A5-4376-A066-2A32D752A2FF}</UniqueIdentifier>
      <Extensions>cpp;c;cc;cxx;c++;cppm;ixx;def;odl;idl;hpj;bat;asm;asmx</Extensions>
    </Filter>
    <Filter Include="Header Files">
      <UniqueIdentifier>{93995380-89BD-4b04-88EB-625FBE52EBFB}</UniqueIdentifier>
      <Extensions>h;hh;hpp;hxx;h++;hm;inl;inc;ipp;xsd</Extensions>
    </Filter>
    <Filter Include="Resource Files">
      <UniqueIdentifier>{67DA6AB6-F800-4c08-8B7A-83BB121AAD01}</UniqueIdentifier>
      <Extensions>rc;ico;cur;bmp;dlg;rc2;rct;bin;rgs;gif;jpg;jpeg;jpe;resx;tiff;tif;png;wav;mfcribbon-ms</Extensions>
    </Filter>
    <Filter Include="GameManager">
      <UniqueIdentifier>{9155bc6f-43ee-4fe1-acd8-61b46e9f4b36}</UniqueIdentifier>
    </Filter>
    <Filter Include="MapManager">
      <UniqueIdentifier>{35c157a0-e6ba-4d09-865e-4093f521c200}</UniqueIdentifier>
    </Filter>
    <Filter Include="ObjectManager">
      <UniqueIdentifier>{494f177d-aa8c-4054-85f3-e426c226955f}</UniqueIdentifier>
    </Filter>
    <Filter Include="StoreManager">
      <UniqueIdentifier>{b9112df9-341a-4af2-a8ea-e2f67f90cb91}</UniqueIdentifier>
    </Filter>
    <Filter Include="Inventory">
      <UniqueIdentifier>{968e82e7-3854-432e-b9ee-ab45796f2500}</UniqueIdentifier>
    </Filter>
  </ItemGroup>
  <ItemGroup>
    <ClInclude Include="GameManager.h">
      <Filter>GameManager</Filter>
    </ClInclude>
    <ClInclude Include="MapManager.h">
      <Filter>MapManager</Filter>
    </ClInclude>
    <ClInclude Include="Map.h">
      <Filter>MapManager</Filter>
    </ClInclude>
    <ClInclude Include="Store.h">
      <Filter>StoreManager</Filter>
    </ClInclude>
    <ClInclude Include="StoreManager.h">
      <Filter>StoreManager</Filter>
    </ClInclude>
    <ClInclude Include="Player.h">
      <Filter>ObjectManager</Filter>
    </ClInclude>
    <ClInclude Include="ObjectManager.h">
      <Filter>ObjectManager</Filter>
    </ClInclude>
    <ClInclude Include="Monster.h">
      <Filter>ObjectManager</Filter>
    </ClInclude>
    <ClInclude Include="Inventory.h">
      <Filter>Inventory</Filter>
    </ClInclude>
    <ClInclude Include="Item.h">
      <Filter>StoreManager</Filter>
    </ClInclude>
    <ClInclude Include="Game.h">
      <Filter>Header Files</Filter>
    </ClInclude>
  </ItemGroup>
  <ItemGroup>
    <ClCompile Include="GameManager.cpp">
      <Filter>GameManager</Filter>
    </ClCompile>
    <ClCompile Include="MapManager.cpp">
      <Filter>MapManager</Filter>
    </ClCompile>
    <ClCompile Include="Map.cpp">
      <Filter>MapManager</Filter>
    </ClCompile>
    <ClCompile Include="Store.cpp">
      <Filter>StoreManager</Filter>
    </ClCompile>
    <ClCompile Include="StoreManager.cpp">
      <Filter>StoreManager</Filter>
    </ClCompile>
    <ClCompile Include="ObjectManager.cpp">
      <Filter>ObjectManager</Filter>
    </ClCompile>
    <ClCompile Include="Player.cpp">
      <Filter>ObjectManager</Filter>
    </ClCompile>
    <ClCompile Include="Monster.cpp">
      <Filter>ObjectManager</Filter>
    </ClCompile>
    <ClCompile Include="Inventory.cpp">
      <Filter>Inventory</Filter>
    </ClCompile>
    <ClCompile Include="Item.cpp">
      <Filter>StoreManager</Filter>
    </ClCompile>
    <ClCompile Include="main.cpp">
      <Filter>Resource Files</Filter>
    </ClCompile>
  </ItemGroup>
</Project>